
Microsoft Visual Studio Solution File, Format Version 12.00
# Visual Studio Version 17
VisualStudioVersion = 17.2.32505.173
MinimumVisualStudioVersion = 10.0.40219.1
Project("{FAE04EC0-301F-11D3-BF4B-00C04F79EFBC}") = "TreinamentoURI", "TreinamentoURI\TreinamentoURI.csproj", "{FC963FA2-2A14-4BA0-88FE-0CD9A89AB24D}"
EndProject
Global
	GlobalSection(SolutionConfigurationPlatforms) = preSolution
		Debug|Any CPU = Debug|Any CPU
		Release|Any CPU = Release|Any CPU
	EndGlobalSection
	GlobalSection(ProjectConfigurationPlatforms) = postSolution
		{FC963FA2-2A14-4BA0-88FE-0CD9A89AB24D}.Debug|Any CPU.ActiveCfg = Debug|Any CPU
		{FC963FA2-2A14-4BA0-88FE-0CD9A89AB24D}.Debug|Any CPU.Build.0 = Debug|Any CPU
		{FC963FA2-2A14-4BA0-88FE-0CD9A89AB24D}.Release|Any CPU.ActiveCfg = Release|Any CPU
		{FC963FA2-2A14-4BA0-88FE-0CD9A89AB24D}.Release|Any CPU.Build.0 = Release|Any CPU
	EndGlobalSection
	GlobalSection(SolutionProperties) = preSolution
		HideSolutionNode = FALSE
	EndGlobalSection
	GlobalSection(ExtensibilityGlobals) = postSolution
		SolutionGuid = {AA8E4E06-5446-4566-8326-4B7E2107F48A}
	EndGlobalSection
EndGlobal
